
Microsoft Visual Studio Solution File, Format Version 12.00
# Visual Studio Version 16
VisualStudioVersion = 16.0.30804.86
MinimumVisualStudioVersion = 10.0.40219.1
Project("{FAE04EC0-301F-11D3-BF4B-00C04F79EFBC}") = "ClientTest", "ClientTest\ClientTest.csproj", "{BB14F37B-B121-4C85-9ECC-60F89988AE2B}"
EndProject
Global
	GlobalSection(SolutionConfigurationPlatforms) = preSolution
		Debug|Any CPU = Debug|Any CPU
		Release|Any CPU = Release|Any CPU
	EndGlobalSection
	GlobalSection(ProjectConfigurationPlatforms) = postSolution
		{BB14F37B-B121-4C85-9ECC-60F89988AE2B}.Debug|Any CPU.ActiveCfg = Debug|Any CPU
		{BB14F37B-B121-4C85-9ECC-60F89988AE2B}.Debug|Any CPU.Build.0 = Debug|Any CPU
		{BB14F37B-B121-4C85-9ECC-60F89988AE2B}.Release|Any CPU.ActiveCfg = Release|Any CPU
		{BB14F37B-B121-4C85-9ECC-60F89988AE2B}.Release|Any CPU.Build.0 = Release|Any CPU
	EndGlobalSection
	GlobalSection(SolutionProperties) = preSolution
		HideSolutionNode = FALSE
	EndGlobalSection
	GlobalSection(ExtensibilityGlobals) = postSolution
		SolutionGuid = {FE4A4E79-ED2B-47EF-B1DE-26551343952D}
	EndGlobalSection
EndGlobal
